
Microsoft Visual Studio Solution File, Format Version 12.00
# Visual Studio Version 17
VisualStudioVersion = 17.14.36212.18
MinimumVisualStudioVersion = 10.0.40219.1
Project("{FAE04EC0-301F-11D3-BF4B-00C04F79EFBC}") = "RaidLootBot", "RaidLootBot\RaidLootBot.csproj", "{B5483442-5689-45ED-9383-2B4A82A46C4F}"
EndProject
Project("{FAE04EC0-301F-11D3-BF4B-00C04F79EFBC}") = "RaidLootServices", "RaidLootServices\RaidLootServices\RaidLootServices.csproj", "{7BBF0C6E-A7D9-4966-8CAE-38238597D1BC}"
EndProject
Project("{FAE04EC0-301F-11D3-BF4B-00C04F79EFBC}") = "RaidLootInfrastructure", "RaidLootInfrastructure\RaidLootInfrastructure.csproj", "{8BF28CC6-A690-4EFE-A5C1-BFD75ED0B86C}"
EndProject
Project("{FAE04EC0-301F-11D3-BF4B-00C04F79EFBC}") = "RaidLootCore", "RaidLootCore\RaidLootCore.csproj", "{AB72E181-A13E-4FC5-95D1-D4046CAAEA9F}"
EndProject
Project("{FAE04EC0-301F-11D3-BF4B-00C04F79EFBC}") = "MaNGOSExtractor", "MaNGOSExtractor\MaNGOSExtractor.csproj", "{73094D04-BF1A-4C57-9CAD-6EC7906EC814}"
EndProject
Global
	GlobalSection(SolutionConfigurationPlatforms) = preSolution
		Debug|Any CPU = Debug|Any CPU
		Release|Any CPU = Release|Any CPU
	EndGlobalSection
	GlobalSection(ProjectConfigurationPlatforms) = postSolution
		{B5483442-5689-45ED-9383-2B4A82A46C4F}.Debug|Any CPU.ActiveCfg = Debug|Any CPU
		{B5483442-5689-45ED-9383-2B4A82A46C4F}.Debug|Any CPU.Build.0 = Debug|Any CPU
		{B5483442-5689-45ED-9383-2B4A82A46C4F}.Release|Any CPU.ActiveCfg = Release|Any CPU
		{B5483442-5689-45ED-9383-2B4A82A46C4F}.Release|Any CPU.Build.0 = Release|Any CPU
		{7BBF0C6E-A7D9-4966-8CAE-38238597D1BC}.Debug|Any CPU.ActiveCfg = Debug|Any CPU
		{7BBF0C6E-A7D9-4966-8CAE-38238597D1BC}.Debug|Any CPU.Build.0 = Debug|Any CPU
		{7BBF0C6E-A7D9-4966-8CAE-38238597D1BC}.Release|Any CPU.ActiveCfg = Release|Any CPU
		{7BBF0C6E-A7D9-4966-8CAE-38238597D1BC}.Release|Any CPU.Build.0 = Release|Any CPU
		{8BF28CC6-A690-4EFE-A5C1-BFD75ED0B86C}.Debug|Any CPU.ActiveCfg = Debug|Any CPU
		{8BF28CC6-A690-4EFE-A5C1-BFD75ED0B86C}.Debug|Any CPU.Build.0 = Debug|Any CPU
		{8BF28CC6-A690-4EFE-A5C1-BFD75ED0B86C}.Release|Any CPU.ActiveCfg = Release|Any CPU
		{8BF28CC6-A690-4EFE-A5C1-BFD75ED0B86C}.Release|Any CPU.Build.0 = Release|Any CPU
		{AB72E181-A13E-4FC5-95D1-D4046CAAEA9F}.Debug|Any CPU.ActiveCfg = Debug|Any CPU
		{AB72E181-A13E-4FC5-95D1-D4046CAAEA9F}.Debug|Any CPU.Build.0 = Debug|Any CPU
		{AB72E181-A13E-4FC5-95D1-D4046CAAEA9F}.Release|Any CPU.ActiveCfg = Release|Any CPU
		{AB72E181-A13E-4FC5-95D1-D4046CAAEA9F}.Release|Any CPU.Build.0 = Release|Any CPU
		{73094D04-BF1A-4C57-9CAD-6EC7906EC814}.Debug|Any CPU.ActiveCfg = Debug|Any CPU
		{73094D04-BF1A-4C57-9CAD-6EC7906EC814}.Debug|Any CPU.Build.0 = Debug|Any CPU
		{73094D04-BF1A-4C57-9CAD-6EC7906EC814}.Release|Any CPU.ActiveCfg = Release|Any CPU
		{73094D04-BF1A-4C57-9CAD-6EC7906EC814}.Release|Any CPU.Build.0 = Release|Any CPU
	EndGlobalSection
	GlobalSection(SolutionProperties) = preSolution
		HideSolutionNode = FALSE
	EndGlobalSection
	GlobalSection(ExtensibilityGlobals) = postSolution
		SolutionGuid = {B35A354E-59A1-40DD-B6CB-59287960BF2E}
	EndGlobalSection
EndGlobal
